
Microsoft Visual Studio Solution File, Format Version 12.00
# Visual Studio Version 17
VisualStudioVersion = 17.7.34031.279
MinimumVisualStudioVersion = 10.0.40219.1
Project("{2150E333-8FDC-42A3-9474-1A3956D46DE8}") = "Study", "Study", "{8FDF4FEB-DE22-43F1-A109-772EB2496123}"
EndProject
Project("{2150E333-8FDC-42A3-9474-1A3956D46DE8}") = "SmallProject", "SmallProject", "{FE5FB20C-3F97-48AE-BD90-EA6119716DCC}"
EndProject
Project("{2150E333-8FDC-42A3-9474-1A3956D46DE8}") = "BigProject", "BigProject", "{F551D61B-C405-4F95-AB48-7B51431B590A}"
EndProject
Project("{8BC9CEB8-8B4A-11D0-8D11-00A0C91BC942}") = "Study.SwapNumbersByFuncAndReference", "SwapNumbersByFuncAndReference\SwapNumbersByFuncAndReference.vcxproj", "{37C08EAE-589A-402C-B7D1-DD3801A2FFC9}"
EndProject
Project("{8BC9CEB8-8B4A-11D0-8D11-00A0C91BC942}") = "Study.UsingRefForPointer", "Study.UsingRefForPointer\Study.UsingRefForPointer.vcxproj", "{037A5625-AF58-44B4-A2AD-261F859522BC}"
EndProject
Project("{8BC9CEB8-8B4A-11D0-8D11-00A0C91BC942}") = "Study.TemplateFuncWithReference", "Study.TemplateFuncWithReference\Study.TemplateFuncWithReference.vcxproj", "{4829BF7B-CBAA-4B00-8153-190C7DA904F2}"
EndProject
Project("{8BC9CEB8-8B4A-11D0-8D11-00A0C91BC942}") = "SmallProject.BaseTwoIsPalendromic", "SmallProject.BaseTwoIsPalendromic\SmallProject.BaseTwoIsPalendromic.vcxproj", "{3DCBB40A-9A52-4314-8AAE-107639B432C3}"
EndProject
Project("{8BC9CEB8-8B4A-11D0-8D11-00A0C91BC942}") = "Study.Somethink", "Study.Somethink\Study.Somethink.vcxproj", "{48341E89-664E-467D-B3E9-5D6C87477CBB}"
EndProject
Project("{8BC9CEB8-8B4A-11D0-8D11-00A0C91BC942}") = "SmallProject.MagicNumbers", "SmallProject.MagicNumbers\SmallProject.MagicNumbers.vcxproj", "{733F1955-7D90-44A9-80C6-4E74D674A6B5}"
EndProject
Project("{8BC9CEB8-8B4A-11D0-8D11-00A0C91BC942}") = "SmallProject.MiniGame", "SmallProject.MiniGame\SmallProject.MiniGame.vcxproj", "{E5EB03A3-F971-49FD-A731-534B88EA647D}"
EndProject
Project("{8BC9CEB8-8B4A-11D0-8D11-00A0C91BC942}") = "Study.CopyArrByFunc", "Study.CopyArrByFunc\Study.CopyArrByFunc.vcxproj", "{220CC9D2-A7A1-4198-8081-9F4762373804}"
EndProject
Project("{8BC9CEB8-8B4A-11D0-8D11-00A0C91BC942}") = "Study.AddNewValueInStaticArr", "Study.AddNewValueInStaticArr\Study.AddNewValueInStaticArr.vcxproj", "{0701F3A8-2784-4EE5-A12B-22DE9B4711A8}"
EndProject
Project("{8BC9CEB8-8B4A-11D0-8D11-00A0C91BC942}") = "Study. ConcCharAndString", "Study. ConcCharAndString\Study. ConcCharAndString.vcxproj", "{91D34E5B-3811-46DF-B24D-56F23854225A}"
EndProject
Project("{8BC9CEB8-8B4A-11D0-8D11-00A0C91BC942}") = "Study.PointerOnFunc", "Study.PointerOnFunc\Study.PointerOnFunc.vcxproj", "{3CBE5794-BAB7-4188-86DC-8259EB59BFF5}"
EndProject
Project("{8BC9CEB8-8B4A-11D0-8D11-00A0C91BC942}") = "Study.UsingDefineMacrosFunc", "Study.UsingDefineMacrosFunc\Study.UsingDefineMacrosFunc.vcxproj", "{A1F7C4F6-E2A1-4A89-BF24-7235125D3D31}"
EndProject
Project("{8BC9CEB8-8B4A-11D0-8D11-00A0C91BC942}") = "Study.OOP", "Study.OOP\Study.OOP.vcxproj", "{405775F9-BA30-4259-83A3-0867C449976F}"
EndProject
Project("{8BC9CEB8-8B4A-11D0-8D11-00A0C91BC942}") = "Study.OOPEncapsulation", "Study.OOPEncapsulation\Study.OOPEncapsulation.vcxproj", "{683FDF92-5D15-4DDB-97A3-CA0ECA108E07}"
EndProject
Project("{8BC9CEB8-8B4A-11D0-8D11-00A0C91BC942}") = "Study.ConstructorClass", "Study.ConstructorClass\Study.ConstructorClass.vcxproj", "{0B60F8CF-C22C-4AA3-BEC8-F786E1A117A3}"
EndProject
Project("{8BC9CEB8-8B4A-11D0-8D11-00A0C91BC942}") = "Study.OOPOperatorOverloading", "Study.OOPOperatorOverloading\Study.OOPOperatorOverloading.vcxproj", "{BBB33C28-F7EB-4129-8D29-A4E66214D4C3}"
EndProject
Project("{8BC9CEB8-8B4A-11D0-8D11-00A0C91BC942}") = "Study.OOPModificStatic", "Study.OOPModificStatic\Study.OOPModificStatic.vcxproj", "{AEFAFACA-2B99-41E6-A102-C95B281E69AD}"
EndProject
Global
	GlobalSection(SolutionConfigurationPlatforms) = preSolution
		Debug|x64 = Debug|x64
		Debug|x86 = Debug|x86
		Release|x64 = Release|x64
		Release|x86 = Release|x86
	EndGlobalSection
	GlobalSection(ProjectConfigurationPlatforms) = postSolution
		{37C08EAE-589A-402C-B7D1-DD3801A2FFC9}.Debug|x64.ActiveCfg = Debug|x64
		{37C08EAE-589A-402C-B7D1-DD3801A2FFC9}.Debug|x64.Build.0 = Debug|x64
		{37C08EAE-589A-402C-B7D1-DD3801A2FFC9}.Debug|x86.ActiveCfg = Debug|Win32
		{37C08EAE-589A-402C-B7D1-DD3801A2FFC9}.Debug|x86.Build.0 = Debug|Win32
		{37C08EAE-589A-402C-B7D1-DD3801A2FFC9}.Release|x64.ActiveCfg = Release|x64
		{37C08EAE-589A-402C-B7D1-DD3801A2FFC9}.Release|x64.Build.0 = Release|x64
		{37C08EAE-589A-402C-B7D1-DD3801A2FFC9}.Release|x86.ActiveCfg = Release|Win32
		{37C08EAE-589A-402C-B7D1-DD3801A2FFC9}.Release|x86.Build.0 = Release|Win32
		{037A5625-AF58-44B4-A2AD-261F859522BC}.Debug|x64.ActiveCfg = Debug|x64
		{037A5625-AF58-44B4-A2AD-261F859522BC}.Debug|x64.Build.0 = Debug|x64
		{037A5625-AF58-44B4-A2AD-261F859522BC}.Debug|x86.ActiveCfg = Debug|Win32
		{037A5625-AF58-44B4-A2AD-261F859522BC}.Debug|x86.Build.0 = Debug|Win32
		{037A5625-AF58-44B4-A2AD-261F859522BC}.Release|x64.ActiveCfg = Release|x64
		{037A5625-AF58-44B4-A2AD-261F859522BC}.Release|x64.Build.0 = Release|x64
		{037A5625-AF58-44B4-A2AD-261F859522BC}.Release|x86.ActiveCfg = Release|Win32
		{037A5625-AF58-44B4-A2AD-261F859522BC}.Release|x86.Build.0 = Release|Win32
		{4829BF7B-CBAA-4B00-8153-190C7DA904F2}.Debug|x64.ActiveCfg = Debug|x64
		{4829BF7B-CBAA-4B00-8153-190C7DA904F2}.Debug|x64.Build.0 = Debug|x64
		{4829BF7B-CBAA-4B00-8153-190C7DA904F2}.Debug|x86.ActiveCfg = Debug|Win32
		{4829BF7B-CBAA-4B00-8153-190C7DA904F2}.Debug|x86.Build.0 = Debug|Win32
		{4829BF7B-CBAA-4B00-8153-190C7DA904F2}.Release|x64.ActiveCfg = Release|x64
		{4829BF7B-CBAA-4B00-8153-190C7DA904F2}.Release|x64.Build.0 = Release|x64
		{4829BF7B-CBAA-4B00-8153-190C7DA904F2}.Release|x86.ActiveCfg = Release|Win32
		{4829BF7B-CBAA-4B00-8153-190C7DA904F2}.Release|x86.Build.0 = Release|Win32
		{3DCBB40A-9A52-4314-8AAE-107639B432C3}.Debug|x64.ActiveCfg = Debug|x64
		{3DCBB40A-9A52-4314-8AAE-107639B432C3}.Debug|x64.Build.0 = Debug|x64
		{3DCBB40A-9A52-4314-8AAE-107639B432C3}.Debug|x86.ActiveCfg = Debug|Win32
		{3DCBB40A-9A52-4314-8AAE-107639B432C3}.Debug|x86.Build.0 = Debug|Win32
		{3DCBB40A-9A52-4314-8AAE-107639B432C3}.Release|x64.ActiveCfg = Release|x64
		{3DCBB40A-9A52-4314-8AAE-107639B432C3}.Release|x64.Build.0 = Release|x64
		{3DCBB40A-9A52-4314-8AAE-107639B432C3}.Release|x86.ActiveCfg = Release|Win32
		{3DCBB40A-9A52-4314-8AAE-107639B432C3}.Release|x86.Build.0 = Release|Win32
		{48341E89-664E-467D-B3E9-5D6C87477CBB}.Debug|x64.ActiveCfg = Debug|x64
		{48341E89-664E-467D-B3E9-5D6C87477CBB}.Debug|x64.Build.0 = Debug|x64
		{48341E89-664E-467D-B3E9-5D6C87477CBB}.Debug|x86.ActiveCfg = Debug|Win32
		{48341E89-664E-467D-B3E9-5D6C87477CBB}.Debug|x86.Build.0 = Debug|Win32
		{48341E89-664E-467D-B3E9-5D6C87477CBB}.Release|x64.ActiveCfg = Release|x64
		{48341E89-664E-467D-B3E9-5D6C87477CBB}.Release|x64.Build.0 = Release|x64
		{48341E89-664E-467D-B3E9-5D6C87477CBB}.Release|x86.ActiveCfg = Release|Win32
		{48341E89-664E-467D-B3E9-5D6C87477CBB}.Release|x86.Build.0 = Release|Win32
		{733F1955-7D90-44A9-80C6-4E74D674A6B5}.Debug|x64.ActiveCfg = Debug|x64
		{733F1955-7D90-44A9-80C6-4E74D674A6B5}.Debug|x64.Build.0 = Debug|x64
		{733F1955-7D90-44A9-80C6-4E74D674A6B5}.Debug|x86.ActiveCfg = Debug|Win32
		{733F1955-7D90-44A9-80C6-4E74D674A6B5}.Debug|x86.Build.0 = Debug|Win32
		{733F1955-7D90-44A9-80C6-4E74D674A6B5}.Release|x64.ActiveCfg = Release|x64
		{733F1955-7D90-44A9-80C6-4E74D674A6B5}.Release|x64.Build.0 = Release|x64
		{733F1955-7D90-44A9-80C6-4E74D674A6B5}.Release|x86.ActiveCfg = Release|Win32
		{733F1955-7D90-44A9-80C6-4E74D674A6B5}.Release|x86.Build.0 = Release|Win32
		{E5EB03A3-F971-49FD-A731-534B88EA647D}.Debug|x64.ActiveCfg = Debug|x64
		{E5EB03A3-F971-49FD-A731-534B88EA647D}.Debug|x64.Build.0 = Debug|x64
		{E5EB03A3-F971-49FD-A731-534B88EA647D}.Debug|x86.ActiveCfg = Debug|Win32
		{E5EB03A3-F971-49FD-A731-534B88EA647D}.Debug|x86.Build.0 = Debug|Win32
		{E5EB03A3-F971-49FD-A731-534B88EA647D}.Release|x64.ActiveCfg = Release|x64
		{E5EB03A3-F971-49FD-A731-534B88EA647D}.Release|x64.Build.0 = Release|x64
		{E5EB03A3-F971-49FD-A731-534B88EA647D}.Release|x86.ActiveCfg = Release|Win32
		{E5EB03A3-F971-49FD-A731-534B88EA647D}.Release|x86.Build.0 = Release|Win32
		{220CC9D2-A7A1-4198-8081-9F4762373804}.Debug|x64.ActiveCfg = Debug|x64
		{220CC9D2-A7A1-4198-8081-9F4762373804}.Debug|x64.Build.0 = Debug|x64
		{220CC9D2-A7A1-4198-8081-9F4762373804}.Debug|x86.ActiveCfg = Debug|Win32
		{220CC9D2-A7A1-4198-8081-9F4762373804}.Debug|x86.Build.0 = Debug|Win32
		{220CC9D2-A7A1-4198-8081-9F4762373804}.Release|x64.ActiveCfg = Release|x64
		{220CC9D2-A7A1-4198-8081-9F4762373804}.Release|x64.Build.0 = Release|x64
		{220CC9D2-A7A1-4198-8081-9F4762373804}.Release|x86.ActiveCfg = Release|Win32
		{220CC9D2-A7A1-4198-8081-9F4762373804}.Release|x86.Build.0 = Release|Win32
		{0701F3A8-2784-4EE5-A12B-22DE9B4711A8}.Debug|x64.ActiveCfg = Debug|x64
		{0701F3A8-2784-4EE5-A12B-22DE9B4711A8}.Debug|x64.Build.0 = Debug|x64
		{0701F3A8-2784-4EE5-A12B-22DE9B4711A8}.Debug|x86.ActiveCfg = Debug|Win32
		{0701F3A8-2784-4EE5-A12B-22DE9B4711A8}.Debug|x86.Build.0 = Debug|Win32
		{0701F3A8-2784-4EE5-A12B-22DE9B4711A8}.Release|x64.ActiveCfg = Release|x64
		{0701F3A8-2784-4EE5-A12B-22DE9B4711A8}.Release|x64.Build.0 = Release|x64
		{0701F3A8-2784-4EE5-A12B-22DE9B4711A8}.Release|x86.ActiveCfg = Release|Win32
		{0701F3A8-2784-4EE5-A12B-22DE9B4711A8}.Release|x86.Build.0 = Release|Win32
		{91D34E5B-3811-46DF-B24D-56F23854225A}.Debug|x64.ActiveCfg = Debug|x64
		{91D34E5B-3811-46DF-B24D-56F23854225A}.Debug|x64.Build.0 = Debug|x64
		{91D34E5B-3811-46DF-B24D-56F23854225A}.Debug|x86.ActiveCfg = Debug|Win32
		{91D34E5B-3811-46DF-B24D-56F23854225A}.Debug|x86.Build.0 = Debug|Win32
		{91D34E5B-3811-46DF-B24D-56F23854225A}.Release|x64.ActiveCfg = Release|x64
		{91D34E5B-3811-46DF-B24D-56F23854225A}.Release|x64.Build.0 = Release|x64
		{91D34E5B-3811-46DF-B24D-56F23854225A}.Release|x86.ActiveCfg = Release|Win32
		{91D34E5B-3811-46DF-B24D-56F23854225A}.Release|x86.Build.0 = Release|Win32
		{3CBE5794-BAB7-4188-86DC-8259EB59BFF5}.Debug|x64.ActiveCfg = Debug|x64
		{3CBE5794-BAB7-4188-86DC-8259EB59BFF5}.Debug|x64.Build.0 = Debug|x64
		{3CBE5794-BAB7-4188-86DC-8259EB59BFF5}.Debug|x86.ActiveCfg = Debug|Win32
		{3CBE5794-BAB7-4188-86DC-8259EB59BFF5}.Debug|x86.Build.0 = Debug|Win32
		{3CBE5794-BAB7-4188-86DC-8259EB59BFF5}.Release|x64.ActiveCfg = Release|x64
		{3CBE5794-BAB7-4188-86DC-8259EB59BFF5}.Release|x64.Build.0 = Release|x64
		{3CBE5794-BAB7-4188-86DC-8259EB59BFF5}.Release|x86.ActiveCfg = Release|Win32
		{3CBE5794-BAB7-4188-86DC-8259EB59BFF5}.Release|x86.Build.0 = Release|Win32
		{A1F7C4F6-E2A1-4A89-BF24-7235125D3D31}.Debug|x64.ActiveCfg = Debug|x64
		{A1F7C4F6-E2A1-4A89-BF24-7235125D3D31}.Debug|x64.Build.0 = Debug|x64
		{A1F7C4F6-E2A1-4A89-BF24-7235125D3D31}.Debug|x86.ActiveCfg = Debug|Win32
		{A1F7C4F6-E2A1-4A89-BF24-7235125D3D31}.Debug|x86.Build.0 = Debug|Win32
		{A1F7C4F6-E2A1-4A89-BF24-7235125D3D31}.Release|x64.ActiveCfg = Release|x64
		{A1F7C4F6-E2A1-4A89-BF24-7235125D3D31}.Release|x64.Build.0 = Release|x64
		{A1F7C4F6-E2A1-4A89-BF24-7235125D3D31}.Release|x86.ActiveCfg = Release|Win32
		{A1F7C4F6-E2A1-4A89-BF24-7235125D3D31}.Release|x86.Build.0 = Release|Win32
		{405775F9-BA30-4259-83A3-0867C449976F}.Debug|x64.ActiveCfg = Debug|x64
		{405775F9-BA30-4259-83A3-0867C449976F}.Debug|x64.Build.0 = Debug|x64
		{405775F9-BA30-4259-83A3-0867C449976F}.Debug|x86.ActiveCfg = Debug|Win32
		{405775F9-BA30-4259-83A3-0867C449976F}.Debug|x86.Build.0 = Debug|Win32
		{405775F9-BA30-4259-83A3-0867C449976F}.Release|x64.ActiveCfg = Release|x64
		{405775F9-BA30-4259-83A3-0867C449976F}.Release|x64.Build.0 = Release|x64
		{405775F9-BA30-4259-83A3-0867C449976F}.Release|x86.ActiveCfg = Release|Win32
		{405775F9-BA30-4259-83A3-0867C449976F}.Release|x86.Build.0 = Release|Win32
		{683FDF92-5D15-4DDB-97A3-CA0ECA108E07}.Debug|x64.ActiveCfg = Debug|x64
		{683FDF92-5D15-4DDB-97A3-CA0ECA108E07}.Debug|x64.Build.0 = Debug|x64
		{683FDF92-5D15-4DDB-97A3-CA0ECA108E07}.Debug|x86.ActiveCfg = Debug|Win32
		{683FDF92-5D15-4DDB-97A3-CA0ECA108E07}.Debug|x86.Build.0 = Debug|Win32
		{683FDF92-5D15-4DDB-97A3-CA0ECA108E07}.Release|x64.ActiveCfg = Release|x64
		{683FDF92-5D15-4DDB-97A3-CA0ECA108E07}.Release|x64.Build.0 = Release|x64
		{683FDF92-5D15-4DDB-97A3-CA0ECA108E07}.Release|x86.ActiveCfg = Release|Win32
		{683FDF92-5D15-4DDB-97A3-CA0ECA108E07}.Release|x86.Build.0 = Release|Win32
		{0B60F8CF-C22C-4AA3-BEC8-F786E1A117A3}.Debug|x64.ActiveCfg = Debug|x64
		{0B60F8CF-C22C-4AA3-BEC8-F786E1A117A3}.Debug|x64.Build.0 = Debug|x64
		{0B60F8CF-C22C-4AA3-BEC8-F786E1A117A3}.Debug|x86.ActiveCfg = Debug|Win32
		{0B60F8CF-C22C-4AA3-BEC8-F786E1A117A3}.Debug|x86.Build.0 = Debug|Win32
		{0B60F8CF-C22C-4AA3-BEC8-F786E1A117A3}.Release|x64.ActiveCfg = Release|x64
		{0B60F8CF-C22C-4AA3-BEC8-F786E1A117A3}.Release|x64.Build.0 = Release|x64
		{0B60F8CF-C22C-4AA3-BEC8-F786E1A117A3}.Release|x86.ActiveCfg = Release|Win32
		{0B60F8CF-C22C-4AA3-BEC8-F786E1A117A3}.Release|x86.Build.0 = Release|Win32
		{BBB33C28-F7EB-4129-8D29-A4E66214D4C3}.Debug|x64.ActiveCfg = Debug|x64
		{BBB33C28-F7EB-4129-8D29-A4E66214D4C3}.Debug|x64.Build.0 = Debug|x64
		{BBB33C28-F7EB-4129-8D29-A4E66214D4C3}.Debug|x86.ActiveCfg = Debug|Win32
		{BBB33C28-F7EB-4129-8D29-A4E66214D4C3}.Debug|x86.Build.0 = Debug|Win32
		{BBB33C28-F7EB-4129-8D29-A4E66214D4C3}.Release|x64.ActiveCfg = Release|x64
		{BBB33C28-F7EB-4129-8D29-A4E66214D4C3}.Release|x64.Build.0 = Release|x64
		{BBB33C28-F7EB-4129-8D29-A4E66214D4C3}.Release|x86.ActiveCfg = Release|Win32
		{BBB33C28-F7EB-4129-8D29-A4E66214D4C3}.Release|x86.Build.0 = Release|Win32
		{AEFAFACA-2B99-41E6-A102-C95B281E69AD}.Debug|x64.ActiveCfg = Debug|x64
		{AEFAFACA-2B99-41E6-A102-C95B281E69AD}.Debug|x64.Build.0 = Debug|x64
		{AEFAFACA-2B99-41E6-A102-C95B281E69AD}.Debug|x86.ActiveCfg = Debug|Win32
		{AEFAFACA-2B99-41E6-A102-C95B281E69AD}.Debug|x86.Build.0 = Debug|Win32
		{AEFAFACA-2B99-41E6-A102-C95B281E69AD}.Release|x64.ActiveCfg = Release|x64
		{AEFAFACA-2B99-41E6-A102-C95B281E69AD}.Release|x64.Build.0 = Release|x64
		{AEFAFACA-2B99-41E6-A102-C95B281E69AD}.Release|x86.ActiveCfg = Release|Win32
		{AEFAFACA-2B99-41E6-A102-C95B281E69AD}.Release|x86.Build.0 = Release|Win32
	EndGlobalSection
	GlobalSection(SolutionProperties) = preSolution
		HideSolutionNode = FALSE
	EndGlobalSection
	GlobalSection(NestedProjects) = preSolution
		{37C08EAE-589A-402C-B7D1-DD3801A2FFC9} = {8FDF4FEB-DE22-43F1-A109-772EB2496123}
		{037A5625-AF58-44B4-A2AD-261F859522BC} = {8FDF4FEB-DE22-43F1-A109-772EB2496123}
		{4829BF7B-CBAA-4B00-8153-190C7DA904F2} = {8FDF4FEB-DE22-43F1-A109-772EB2496123}
		{3DCBB40A-9A52-4314-8AAE-107639B432C3} = {FE5FB20C-3F97-48AE-BD90-EA6119716DCC}
		{48341E89-664E-467D-B3E9-5D6C87477CBB} = {8FDF4FEB-DE22-43F1-A109-772EB2496123}
		{733F1955-7D90-44A9-80C6-4E74D674A6B5} = {FE5FB20C-3F97-48AE-BD90-EA6119716DCC}
		{E5EB03A3-F971-49FD-A731-534B88EA647D} = {FE5FB20C-3F97-48AE-BD90-EA6119716DCC}
		{220CC9D2-A7A1-4198-8081-9F4762373804} = {8FDF4FEB-DE22-43F1-A109-772EB2496123}
		{0701F3A8-2784-4EE5-A12B-22DE9B4711A8} = {8FDF4FEB-DE22-43F1-A109-772EB2496123}
		{91D34E5B-3811-46DF-B24D-56F23854225A} = {8FDF4FEB-DE22-43F1-A109-772EB2496123}
		{3CBE5794-BAB7-4188-86DC-8259EB59BFF5} = {8FDF4FEB-DE22-43F1-A109-772EB2496123}
		{A1F7C4F6-E2A1-4A89-BF24-7235125D3D31} = {8FDF4FEB-DE22-43F1-A109-772EB2496123}
		{405775F9-BA30-4259-83A3-0867C449976F} = {8FDF4FEB-DE22-43F1-A109-772EB2496123}
		{683FDF92-5D15-4DDB-97A3-CA0ECA108E07} = {8FDF4FEB-DE22-43F1-A109-772EB2496123}
		{0B60F8CF-C22C-4AA3-BEC8-F786E1A117A3} = {8FDF4FEB-DE22-43F1-A109-772EB2496123}
		{BBB33C28-F7EB-4129-8D29-A4E66214D4C3} = {8FDF4FEB-DE22-43F1-A109-772EB2496123}
		{AEFAFACA-2B99-41E6-A102-C95B281E69AD} = {8FDF4FEB-DE22-43F1-A109-772EB2496123}
	EndGlobalSection
	GlobalSection(ExtensibilityGlobals) = postSolution
		SolutionGuid = {980EC4DC-3721-432F-8473-0341F6356345}
	EndGlobalSection
EndGlobal
